
Microsoft Visual Studio Solution File, Format Version 12.00
# Visual Studio Version 17
VisualStudioVersion = 17.12.35707.178 d17.12
MinimumVisualStudioVersion = 10.0.40219.1
Project("{F184B08F-C81C-45F6-A57F-5ABD9991F28F}") = "Calculator_71230982", "Calculator_71230982\Calculator_71230982.vbproj", "{F152A114-9CF2-4D85-B8F9-F806E830B1BC}"
EndProject
Global
	GlobalSection(SolutionConfigurationPlatforms) = preSolution
		Debug|Any CPU = Debug|Any CPU
		Release|Any CPU = Release|Any CPU
	EndGlobalSection
	GlobalSection(ProjectConfigurationPlatforms) = postSolution
		{F152A114-9CF2-4D85-B8F9-F806E830B1BC}.Debug|Any CPU.ActiveCfg = Debug|Any CPU
		{F152A114-9CF2-4D85-B8F9-F806E830B1BC}.Debug|Any CPU.Build.0 = Debug|Any CPU
		{F152A114-9CF2-4D85-B8F9-F806E830B1BC}.Release|Any CPU.ActiveCfg = Release|Any CPU
		{F152A114-9CF2-4D85-B8F9-F806E830B1BC}.Release|Any CPU.Build.0 = Release|Any CPU
	EndGlobalSection
	GlobalSection(SolutionProperties) = preSolution
		HideSolutionNode = FALSE
	EndGlobalSection
EndGlobal
